
Microsoft Visual Studio Solution File, Format Version 12.00
# Visual Studio Version 16
VisualStudioVersion = 16.0.33927.289
MinimumVisualStudioVersion = 10.0.40219.1
Project("{2150E333-8FDC-42A3-9474-1A3956D46DE8}") = "Task0", "Task0", "{79478253-EED3-40FC-AC34-61468B72CD7E}"
EndProject
Project("{FAE04EC0-301F-11D3-BF4B-00C04F79EFBC}") = "Tyuiu.GoogeRA.Sprint6.Task0.V13.Lib", "Tyuiu.GoogeRA.Sprint6.Task0.V13.Lib\Tyuiu.GoogeRA.Sprint6.Task0.V13.Lib.csproj", "{94FCFCA4-E635-4488-B1FC-A617F009A578}"
EndProject
Project("{FAE04EC0-301F-11D3-BF4B-00C04F79EFBC}") = "Tyuiu.GoogeRA.Sprint6.Task0.V13.Test", "Tyuiu.GoogeRA.Sprint6.Task0.V13.Test\Tyuiu.GoogeRA.Sprint6.Task0.V13.Test.csproj", "{ACE890E9-C528-438C-9348-2497A775AB42}"
EndProject
Project("{FAE04EC0-301F-11D3-BF4B-00C04F79EFBC}") = "Tyuiu.GoogeRA.Sprint6.Task0.V13", "Tyuiu.GoogeRA.Sprint6.Task0.V13\Tyuiu.GoogeRA.Sprint6.Task0.V13.csproj", "{592B7549-03CF-4B50-AB25-9B6B3EFE308D}"
EndProject
Project("{2150E333-8FDC-42A3-9474-1A3956D46DE8}") = "Task1", "Task1", "{1E5EC573-30D2-494A-80A0-7E0214D1F88F}"
EndProject
Project("{FAE04EC0-301F-11D3-BF4B-00C04F79EFBC}") = "Tyuiu.GoogeRA.Sprint6.Task1.V29", "Tyuiu.GoogeRA.Sprint6.Task1.V29\Tyuiu.GoogeRA.Sprint6.Task1.V29.csproj", "{C3D16558-E3D9-4D32-93A9-B68A3556621B}"
EndProject
Project("{FAE04EC0-301F-11D3-BF4B-00C04F79EFBC}") = "Tyuiu.GoogeRA.Sprint6.Task1.V29.Test", "Tyuiu.GoogeRA.Sprint6.Task1.V29.Test\Tyuiu.GoogeRA.Sprint6.Task1.V29.Test.csproj", "{93DF5DA6-E422-4468-8112-40D21150F552}"
EndProject
Project("{FAE04EC0-301F-11D3-BF4B-00C04F79EFBC}") = "Tyuiu.GoogeRA.Sprint6.Task1.V29.Lib", "Tyuiu.GoogeRA.Sprint6.Task1.V29.Lib\Tyuiu.GoogeRA.Sprint6.Task1.V29.Lib.csproj", "{1F35929D-B5F5-44BF-AD6D-70B778AC79B2}"
EndProject
Global
	GlobalSection(SolutionConfigurationPlatforms) = preSolution
		Debug|Any CPU = Debug|Any CPU
		Release|Any CPU = Release|Any CPU
	EndGlobalSection
	GlobalSection(ProjectConfigurationPlatforms) = postSolution
		{94FCFCA4-E635-4488-B1FC-A617F009A578}.Debug|Any CPU.ActiveCfg = Debug|Any CPU
		{94FCFCA4-E635-4488-B1FC-A617F009A578}.Debug|Any CPU.Build.0 = Debug|Any CPU
		{94FCFCA4-E635-4488-B1FC-A617F009A578}.Release|Any CPU.ActiveCfg = Release|Any CPU
		{94FCFCA4-E635-4488-B1FC-A617F009A578}.Release|Any CPU.Build.0 = Release|Any CPU
		{ACE890E9-C528-438C-9348-2497A775AB42}.Debug|Any CPU.ActiveCfg = Debug|Any CPU
		{ACE890E9-C528-438C-9348-2497A775AB42}.Debug|Any CPU.Build.0 = Debug|Any CPU
		{ACE890E9-C528-438C-9348-2497A775AB42}.Release|Any CPU.ActiveCfg = Release|Any CPU
		{ACE890E9-C528-438C-9348-2497A775AB42}.Release|Any CPU.Build.0 = Release|Any CPU
		{592B7549-03CF-4B50-AB25-9B6B3EFE308D}.Debug|Any CPU.ActiveCfg = Debug|Any CPU
		{592B7549-03CF-4B50-AB25-9B6B3EFE308D}.Debug|Any CPU.Build.0 = Debug|Any CPU
		{592B7549-03CF-4B50-AB25-9B6B3EFE308D}.Release|Any CPU.ActiveCfg = Release|Any CPU
		{592B7549-03CF-4B50-AB25-9B6B3EFE308D}.Release|Any CPU.Build.0 = Release|Any CPU
		{C3D16558-E3D9-4D32-93A9-B68A3556621B}.Debug|Any CPU.ActiveCfg = Debug|Any CPU
		{C3D16558-E3D9-4D32-93A9-B68A3556621B}.Debug|Any CPU.Build.0 = Debug|Any CPU
		{C3D16558-E3D9-4D32-93A9-B68A3556621B}.Release|Any CPU.ActiveCfg = Release|Any CPU
		{C3D16558-E3D9-4D32-93A9-B68A3556621B}.Release|Any CPU.Build.0 = Release|Any CPU
		{93DF5DA6-E422-4468-8112-40D21150F552}.Debug|Any CPU.ActiveCfg = Debug|Any CPU
		{93DF5DA6-E422-4468-8112-40D21150F552}.Debug|Any CPU.Build.0 = Debug|Any CPU
		{93DF5DA6-E422-4468-8112-40D21150F552}.Release|Any CPU.ActiveCfg = Release|Any CPU
		{93DF5DA6-E422-4468-8112-40D21150F552}.Release|Any CPU.Build.0 = Release|Any CPU
		{1F35929D-B5F5-44BF-AD6D-70B778AC79B2}.Debug|Any CPU.ActiveCfg = Debug|Any CPU
		{1F35929D-B5F5-44BF-AD6D-70B778AC79B2}.Debug|Any CPU.Build.0 = Debug|Any CPU
		{1F35929D-B5F5-44BF-AD6D-70B778AC79B2}.Release|Any CPU.ActiveCfg = Release|Any CPU
		{1F35929D-B5F5-44BF-AD6D-70B778AC79B2}.Release|Any CPU.Build.0 = Release|Any CPU
	EndGlobalSection
	GlobalSection(SolutionProperties) = preSolution
		HideSolutionNode = FALSE
	EndGlobalSection
	GlobalSection(NestedProjects) = preSolution
		{94FCFCA4-E635-4488-B1FC-A617F009A578} = {79478253-EED3-40FC-AC34-61468B72CD7E}
		{ACE890E9-C528-438C-9348-2497A775AB42} = {79478253-EED3-40FC-AC34-61468B72CD7E}
		{592B7549-03CF-4B50-AB25-9B6B3EFE308D} = {79478253-EED3-40FC-AC34-61468B72CD7E}
		{C3D16558-E3D9-4D32-93A9-B68A3556621B} = {1E5EC573-30D2-494A-80A0-7E0214D1F88F}
		{93DF5DA6-E422-4468-8112-40D21150F552} = {1E5EC573-30D2-494A-80A0-7E0214D1F88F}
		{1F35929D-B5F5-44BF-AD6D-70B778AC79B2} = {1E5EC573-30D2-494A-80A0-7E0214D1F88F}
	EndGlobalSection
	GlobalSection(ExtensibilityGlobals) = postSolution
		SolutionGuid = {823C2FE8-F261-46ED-9694-B3FB30DA66A3}
	EndGlobalSection
EndGlobal
