
Microsoft Visual Studio Solution File, Format Version 12.00
# Visual Studio Version 16
VisualStudioVersion = 16.0.33927.289
MinimumVisualStudioVersion = 10.0.40219.1
Project("{2150E333-8FDC-42A3-9474-1A3956D46DE8}") = "Task0", "Task0", "{79478253-EED3-40FC-AC34-61468B72CD7E}"
EndProject
Project("{FAE04EC0-301F-11D3-BF4B-00C04F79EFBC}") = "Tyuiu.GoogeRA.Sprint6.Task0.V13.Lib", "Tyuiu.GoogeRA.Sprint6.Task0.V13.Lib\Tyuiu.GoogeRA.Sprint6.Task0.V13.Lib.csproj", "{94FCFCA4-E635-4488-B1FC-A617F009A578}"
EndProject
Project("{FAE04EC0-301F-11D3-BF4B-00C04F79EFBC}") = "Tyuiu.GoogeRA.Sprint6.Task0.V13.Test", "Tyuiu.GoogeRA.Sprint6.Task0.V13.Test\Tyuiu.GoogeRA.Sprint6.Task0.V13.Test.csproj", "{ACE890E9-C528-438C-9348-2497A775AB42}"
EndProject
Project("{FAE04EC0-301F-11D3-BF4B-00C04F79EFBC}") = "Tyuiu.GoogeRA.Sprint6.Task0.V13", "Tyuiu.GoogeRA.Sprint6.Task0.V13\Tyuiu.GoogeRA.Sprint6.Task0.V13.csproj", "{592B7549-03CF-4B50-AB25-9B6B3EFE308D}"
EndProject
Project("{2150E333-8FDC-42A3-9474-1A3956D46DE8}") = "Task1", "Task1", "{1E5EC573-30D2-494A-80A0-7E0214D1F88F}"
EndProject
Project("{FAE04EC0-301F-11D3-BF4B-00C04F79EFBC}") = "Tyuiu.GoogeRA.Sprint6.Task1.V29", "Tyuiu.GoogeRA.Sprint6.Task1.V29\Tyuiu.GoogeRA.Sprint6.Task1.V29.csproj", "{C3D16558-E3D9-4D32-93A9-B68A3556621B}"
EndProject
Project("{FAE04EC0-301F-11D3-BF4B-00C04F79EFBC}") = "Tyuiu.GoogeRA.Sprint6.Task1.V29.Test", "Tyuiu.GoogeRA.Sprint6.Task1.V29.Test\Tyuiu.GoogeRA.Sprint6.Task1.V29.Test.csproj", "{93DF5DA6-E422-4468-8112-40D21150F552}"
EndProject
Project("{FAE04EC0-301F-11D3-BF4B-00C04F79EFBC}") = "Tyuiu.GoogeRA.Sprint6.Task1.V29.Lib", "Tyuiu.GoogeRA.Sprint6.Task1.V29.Lib\Tyuiu.GoogeRA.Sprint6.Task1.V29.Lib.csproj", "{1F35929D-B5F5-44BF-AD6D-70B778AC79B2}"
EndProject
Project("{2150E333-8FDC-42A3-9474-1A3956D46DE8}") = "Task2", "Task2", "{E892A3D6-2B66-4D9F-99E9-E079F9E6591B}"
EndProject
Project("{FAE04EC0-301F-11D3-BF4B-00C04F79EFBC}") = "Tyuiu.GoogeRA.Sprint6.Task2.V19.Lib", "Tyuiu.GoogeRA.Sprint6.Task2.V19.Lib\Tyuiu.GoogeRA.Sprint6.Task2.V19.Lib.csproj", "{EAA01B21-2083-465E-881D-C063E481D105}"
EndProject
Project("{FAE04EC0-301F-11D3-BF4B-00C04F79EFBC}") = "Tyuiu.GoogeRA.Sprint6.Task2.V19.Test", "Tyuiu.GoogeRA.Sprint6.Task2.V19.Test\Tyuiu.GoogeRA.Sprint6.Task2.V19.Test.csproj", "{14719210-C2E6-42BD-8699-0FF52B68D1FC}"
EndProject
Project("{FAE04EC0-301F-11D3-BF4B-00C04F79EFBC}") = "Tyuiu.GoogeRA.Sprint6.Task2.V19", "Tyuiu.GoogeRA.Sprint6.Task2.V19\Tyuiu.GoogeRA.Sprint6.Task2.V19.csproj", "{E7B550FE-64D8-4AE6-9C1D-54686B54E40D}"
EndProject
Project("{2150E333-8FDC-42A3-9474-1A3956D46DE8}") = "Task3", "Task3", "{4EB4F819-030B-4A4D-A34D-3082B8495A70}"
EndProject
Project("{FAE04EC0-301F-11D3-BF4B-00C04F79EFBC}") = "Tyuiu.GoogeRA.Sprint6.Task3.V30.Lib", "Tyuiu.GoogeRA.Sprint6.Task3.V30.Lib\Tyuiu.GoogeRA.Sprint6.Task3.V30.Lib.csproj", "{F14FE293-E7BC-44F0-91AD-7F54FA25E27F}"
EndProject
Project("{FAE04EC0-301F-11D3-BF4B-00C04F79EFBC}") = "Tyuiu.GoogeRA.Sprint6.Task3.V30", "Tyuiu.GoogeRA.Sprint6.Task3.V30\Tyuiu.GoogeRA.Sprint6.Task3.V30.csproj", "{50FAD4E2-87FC-4510-BC2F-62CA10E9690A}"
EndProject
Project("{FAE04EC0-301F-11D3-BF4B-00C04F79EFBC}") = "Tyuiu.GoogeRA.Sprint6.Task3.V30.Test", "Tyuiu.GoogeRA.Sprint6.Task3.V30.Test\Tyuiu.GoogeRA.Sprint6.Task3.V30.Test.csproj", "{AE173B32-8F4F-4254-B9B6-85415210BD75}"
EndProject
Project("{2150E333-8FDC-42A3-9474-1A3956D46DE8}") = "Task4", "Task4", "{67A7F558-8C9F-4ACF-9118-E7C24B79B012}"
EndProject
Project("{FAE04EC0-301F-11D3-BF4B-00C04F79EFBC}") = "Tyuiu.GoogeRA.Sprint6.Task4.V13", "Tyuiu.GoogeRA.Sprint6.Task4.V13\Tyuiu.GoogeRA.Sprint6.Task4.V13.csproj", "{B2978994-2707-49A3-9002-02CD9A922F2A}"
EndProject
Project("{FAE04EC0-301F-11D3-BF4B-00C04F79EFBC}") = "Tyuiu.GoogeRA.Sprint6.Task4.V13.Test", "Tyuiu.GoogeRA.Sprint6.Task4.V13.Test\Tyuiu.GoogeRA.Sprint6.Task4.V13.Test.csproj", "{66AC9275-A123-4565-ABDC-14A15099C39C}"
EndProject
Project("{FAE04EC0-301F-11D3-BF4B-00C04F79EFBC}") = "Tyuiu.GoogeRA.Sprint6.Task4.V13.Lib", "Tyuiu.GoogeRA.Sprint6.Task4.V13.Lib\Tyuiu.GoogeRA.Sprint6.Task4.V13.Lib.csproj", "{9DFF075E-E17E-423A-8181-D1D2B467730C}"
EndProject
Project("{2150E333-8FDC-42A3-9474-1A3956D46DE8}") = "Task5", "Task5", "{2A7C1CDC-21BE-45C9-8CFD-41C85913FB65}"
EndProject
Project("{FAE04EC0-301F-11D3-BF4B-00C04F79EFBC}") = "Tyuiu.GoogeRA.Sprint6.Task5.V15", "Tyuiu.GoogeRA.Sprint6.Task5.V15\Tyuiu.GoogeRA.Sprint6.Task5.V15.csproj", "{1D621752-70D7-48DE-BC6A-56C5BD1447DD}"
EndProject
Project("{FAE04EC0-301F-11D3-BF4B-00C04F79EFBC}") = "Tyuiu.GoogeRA.Sprint6.Task5.V15.Lib", "Tyuiu.GoogeRA.Sprint6.Task5.V15.Lib\Tyuiu.GoogeRA.Sprint6.Task5.V15.Lib.csproj", "{F2294B27-18CD-4115-A6E0-A977A54222DF}"
EndProject
Project("{FAE04EC0-301F-11D3-BF4B-00C04F79EFBC}") = "Tyuiu.GoogeRA.Sprint6.Task5.V15.Test", "Tyuiu.GoogeRA.Sprint6.Task5.V15.Test\Tyuiu.GoogeRA.Sprint6.Task5.V15.Test.csproj", "{6CD37A7F-6416-497E-8368-B12BAFC92C3C}"
EndProject
Project("{2150E333-8FDC-42A3-9474-1A3956D46DE8}") = "Task6", "Task6", "{02581193-B631-43F5-82CE-53CDFF926D3C}"
EndProject
Project("{FAE04EC0-301F-11D3-BF4B-00C04F79EFBC}") = "Tyuiu.GoogeRA.Sprint6.Task6.V18.Test", "Tyuiu.GoogeRA.Sprint6.Task6.V18.Test\Tyuiu.GoogeRA.Sprint6.Task6.V18.Test.csproj", "{364449AE-EE1A-469E-8CD3-509357A9E97B}"
EndProject
Project("{FAE04EC0-301F-11D3-BF4B-00C04F79EFBC}") = "Tyuiu.GoogeRA.Sprint6.Task6.V18.Lib", "Tyuiu.GoogeRA.Sprint6.Task6.V18.Lib\Tyuiu.GoogeRA.Sprint6.Task6.V18.Lib.csproj", "{DE218D41-98FD-4BCE-ABB6-34687986606E}"
EndProject
Project("{FAE04EC0-301F-11D3-BF4B-00C04F79EFBC}") = "Tyuiu.GoogeRA.Sprint6.Task6.V18", "Tyuiu.GoogeRA.Sprint6.Task6.V18\Tyuiu.GoogeRA.Sprint6.Task6.V18.csproj", "{8984764F-B7C7-4C08-AA32-69ABA8747CD3}"
EndProject
Global
	GlobalSection(SolutionConfigurationPlatforms) = preSolution
		Debug|Any CPU = Debug|Any CPU
		Release|Any CPU = Release|Any CPU
	EndGlobalSection
	GlobalSection(ProjectConfigurationPlatforms) = postSolution
		{94FCFCA4-E635-4488-B1FC-A617F009A578}.Debug|Any CPU.ActiveCfg = Debug|Any CPU
		{94FCFCA4-E635-4488-B1FC-A617F009A578}.Debug|Any CPU.Build.0 = Debug|Any CPU
		{94FCFCA4-E635-4488-B1FC-A617F009A578}.Release|Any CPU.ActiveCfg = Release|Any CPU
		{94FCFCA4-E635-4488-B1FC-A617F009A578}.Release|Any CPU.Build.0 = Release|Any CPU
		{ACE890E9-C528-438C-9348-2497A775AB42}.Debug|Any CPU.ActiveCfg = Debug|Any CPU
		{ACE890E9-C528-438C-9348-2497A775AB42}.Debug|Any CPU.Build.0 = Debug|Any CPU
		{ACE890E9-C528-438C-9348-2497A775AB42}.Release|Any CPU.ActiveCfg = Release|Any CPU
		{ACE890E9-C528-438C-9348-2497A775AB42}.Release|Any CPU.Build.0 = Release|Any CPU
		{592B7549-03CF-4B50-AB25-9B6B3EFE308D}.Debug|Any CPU.ActiveCfg = Debug|Any CPU
		{592B7549-03CF-4B50-AB25-9B6B3EFE308D}.Debug|Any CPU.Build.0 = Debug|Any CPU
		{592B7549-03CF-4B50-AB25-9B6B3EFE308D}.Release|Any CPU.ActiveCfg = Release|Any CPU
		{592B7549-03CF-4B50-AB25-9B6B3EFE308D}.Release|Any CPU.Build.0 = Release|Any CPU
		{C3D16558-E3D9-4D32-93A9-B68A3556621B}.Debug|Any CPU.ActiveCfg = Debug|Any CPU
		{C3D16558-E3D9-4D32-93A9-B68A3556621B}.Debug|Any CPU.Build.0 = Debug|Any CPU
		{C3D16558-E3D9-4D32-93A9-B68A3556621B}.Release|Any CPU.ActiveCfg = Release|Any CPU
		{C3D16558-E3D9-4D32-93A9-B68A3556621B}.Release|Any CPU.Build.0 = Release|Any CPU
		{93DF5DA6-E422-4468-8112-40D21150F552}.Debug|Any CPU.ActiveCfg = Debug|Any CPU
		{93DF5DA6-E422-4468-8112-40D21150F552}.Debug|Any CPU.Build.0 = Debug|Any CPU
		{93DF5DA6-E422-4468-8112-40D21150F552}.Release|Any CPU.ActiveCfg = Release|Any CPU
		{93DF5DA6-E422-4468-8112-40D21150F552}.Release|Any CPU.Build.0 = Release|Any CPU
		{1F35929D-B5F5-44BF-AD6D-70B778AC79B2}.Debug|Any CPU.ActiveCfg = Debug|Any CPU
		{1F35929D-B5F5-44BF-AD6D-70B778AC79B2}.Debug|Any CPU.Build.0 = Debug|Any CPU
		{1F35929D-B5F5-44BF-AD6D-70B778AC79B2}.Release|Any CPU.ActiveCfg = Release|Any CPU
		{1F35929D-B5F5-44BF-AD6D-70B778AC79B2}.Release|Any CPU.Build.0 = Release|Any CPU
		{EAA01B21-2083-465E-881D-C063E481D105}.Debug|Any CPU.ActiveCfg = Debug|Any CPU
		{EAA01B21-2083-465E-881D-C063E481D105}.Debug|Any CPU.Build.0 = Debug|Any CPU
		{EAA01B21-2083-465E-881D-C063E481D105}.Release|Any CPU.ActiveCfg = Release|Any CPU
		{EAA01B21-2083-465E-881D-C063E481D105}.Release|Any CPU.Build.0 = Release|Any CPU
		{14719210-C2E6-42BD-8699-0FF52B68D1FC}.Debug|Any CPU.ActiveCfg = Debug|Any CPU
		{14719210-C2E6-42BD-8699-0FF52B68D1FC}.Debug|Any CPU.Build.0 = Debug|Any CPU
		{14719210-C2E6-42BD-8699-0FF52B68D1FC}.Release|Any CPU.ActiveCfg = Release|Any CPU
		{14719210-C2E6-42BD-8699-0FF52B68D1FC}.Release|Any CPU.Build.0 = Release|Any CPU
		{E7B550FE-64D8-4AE6-9C1D-54686B54E40D}.Debug|Any CPU.ActiveCfg = Debug|Any CPU
		{E7B550FE-64D8-4AE6-9C1D-54686B54E40D}.Debug|Any CPU.Build.0 = Debug|Any CPU
		{E7B550FE-64D8-4AE6-9C1D-54686B54E40D}.Release|Any CPU.ActiveCfg = Release|Any CPU
		{E7B550FE-64D8-4AE6-9C1D-54686B54E40D}.Release|Any CPU.Build.0 = Release|Any CPU
		{F14FE293-E7BC-44F0-91AD-7F54FA25E27F}.Debug|Any CPU.ActiveCfg = Debug|Any CPU
		{F14FE293-E7BC-44F0-91AD-7F54FA25E27F}.Debug|Any CPU.Build.0 = Debug|Any CPU
		{F14FE293-E7BC-44F0-91AD-7F54FA25E27F}.Release|Any CPU.ActiveCfg = Release|Any CPU
		{F14FE293-E7BC-44F0-91AD-7F54FA25E27F}.Release|Any CPU.Build.0 = Release|Any CPU
		{50FAD4E2-87FC-4510-BC2F-62CA10E9690A}.Debug|Any CPU.ActiveCfg = Debug|Any CPU
		{50FAD4E2-87FC-4510-BC2F-62CA10E9690A}.Debug|Any CPU.Build.0 = Debug|Any CPU
		{50FAD4E2-87FC-4510-BC2F-62CA10E9690A}.Release|Any CPU.ActiveCfg = Release|Any CPU
		{50FAD4E2-87FC-4510-BC2F-62CA10E9690A}.Release|Any CPU.Build.0 = Release|Any CPU
		{AE173B32-8F4F-4254-B9B6-85415210BD75}.Debug|Any CPU.ActiveCfg = Debug|Any CPU
		{AE173B32-8F4F-4254-B9B6-85415210BD75}.Debug|Any CPU.Build.0 = Debug|Any CPU
		{AE173B32-8F4F-4254-B9B6-85415210BD75}.Release|Any CPU.ActiveCfg = Release|Any CPU
		{AE173B32-8F4F-4254-B9B6-85415210BD75}.Release|Any CPU.Build.0 = Release|Any CPU
		{B2978994-2707-49A3-9002-02CD9A922F2A}.Debug|Any CPU.ActiveCfg = Debug|Any CPU
		{B2978994-2707-49A3-9002-02CD9A922F2A}.Debug|Any CPU.Build.0 = Debug|Any CPU
		{B2978994-2707-49A3-9002-02CD9A922F2A}.Release|Any CPU.ActiveCfg = Release|Any CPU
		{B2978994-2707-49A3-9002-02CD9A922F2A}.Release|Any CPU.Build.0 = Release|Any CPU
		{66AC9275-A123-4565-ABDC-14A15099C39C}.Debug|Any CPU.ActiveCfg = Debug|Any CPU
		{66AC9275-A123-4565-ABDC-14A15099C39C}.Debug|Any CPU.Build.0 = Debug|Any CPU
		{66AC9275-A123-4565-ABDC-14A15099C39C}.Release|Any CPU.ActiveCfg = Release|Any CPU
		{66AC9275-A123-4565-ABDC-14A15099C39C}.Release|Any CPU.Build.0 = Release|Any CPU
		{9DFF075E-E17E-423A-8181-D1D2B467730C}.Debug|Any CPU.ActiveCfg = Debug|Any CPU
		{9DFF075E-E17E-423A-8181-D1D2B467730C}.Debug|Any CPU.Build.0 = Debug|Any CPU
		{9DFF075E-E17E-423A-8181-D1D2B467730C}.Release|Any CPU.ActiveCfg = Release|Any CPU
		{9DFF075E-E17E-423A-8181-D1D2B467730C}.Release|Any CPU.Build.0 = Release|Any CPU
		{1D621752-70D7-48DE-BC6A-56C5BD1447DD}.Debug|Any CPU.ActiveCfg = Debug|Any CPU
		{1D621752-70D7-48DE-BC6A-56C5BD1447DD}.Debug|Any CPU.Build.0 = Debug|Any CPU
		{1D621752-70D7-48DE-BC6A-56C5BD1447DD}.Release|Any CPU.ActiveCfg = Release|Any CPU
		{1D621752-70D7-48DE-BC6A-56C5BD1447DD}.Release|Any CPU.Build.0 = Release|Any CPU
		{F2294B27-18CD-4115-A6E0-A977A54222DF}.Debug|Any CPU.ActiveCfg = Debug|Any CPU
		{F2294B27-18CD-4115-A6E0-A977A54222DF}.Debug|Any CPU.Build.0 = Debug|Any CPU
		{F2294B27-18CD-4115-A6E0-A977A54222DF}.Release|Any CPU.ActiveCfg = Release|Any CPU
		{F2294B27-18CD-4115-A6E0-A977A54222DF}.Release|Any CPU.Build.0 = Release|Any CPU
		{6CD37A7F-6416-497E-8368-B12BAFC92C3C}.Debug|Any CPU.ActiveCfg = Debug|Any CPU
		{6CD37A7F-6416-497E-8368-B12BAFC92C3C}.Debug|Any CPU.Build.0 = Debug|Any CPU
		{6CD37A7F-6416-497E-8368-B12BAFC92C3C}.Release|Any CPU.ActiveCfg = Release|Any CPU
		{6CD37A7F-6416-497E-8368-B12BAFC92C3C}.Release|Any CPU.Build.0 = Release|Any CPU
		{364449AE-EE1A-469E-8CD3-509357A9E97B}.Debug|Any CPU.ActiveCfg = Debug|Any CPU
		{364449AE-EE1A-469E-8CD3-509357A9E97B}.Debug|Any CPU.Build.0 = Debug|Any CPU
		{364449AE-EE1A-469E-8CD3-509357A9E97B}.Release|Any CPU.ActiveCfg = Release|Any CPU
		{364449AE-EE1A-469E-8CD3-509357A9E97B}.Release|Any CPU.Build.0 = Release|Any CPU
		{DE218D41-98FD-4BCE-ABB6-34687986606E}.Debug|Any CPU.ActiveCfg = Debug|Any CPU
		{DE218D41-98FD-4BCE-ABB6-34687986606E}.Debug|Any CPU.Build.0 = Debug|Any CPU
		{DE218D41-98FD-4BCE-ABB6-34687986606E}.Release|Any CPU.ActiveCfg = Release|Any CPU
		{DE218D41-98FD-4BCE-ABB6-34687986606E}.Release|Any CPU.Build.0 = Release|Any CPU
		{8984764F-B7C7-4C08-AA32-69ABA8747CD3}.Debug|Any CPU.ActiveCfg = Debug|Any CPU
		{8984764F-B7C7-4C08-AA32-69ABA8747CD3}.Debug|Any CPU.Build.0 = Debug|Any CPU
		{8984764F-B7C7-4C08-AA32-69ABA8747CD3}.Release|Any CPU.ActiveCfg = Release|Any CPU
		{8984764F-B7C7-4C08-AA32-69ABA8747CD3}.Release|Any CPU.Build.0 = Release|Any CPU
	EndGlobalSection
	GlobalSection(SolutionProperties) = preSolution
		HideSolutionNode = FALSE
	EndGlobalSection
	GlobalSection(NestedProjects) = preSolution
		{94FCFCA4-E635-4488-B1FC-A617F009A578} = {79478253-EED3-40FC-AC34-61468B72CD7E}
		{ACE890E9-C528-438C-9348-2497A775AB42} = {79478253-EED3-40FC-AC34-61468B72CD7E}
		{592B7549-03CF-4B50-AB25-9B6B3EFE308D} = {79478253-EED3-40FC-AC34-61468B72CD7E}
		{C3D16558-E3D9-4D32-93A9-B68A3556621B} = {1E5EC573-30D2-494A-80A0-7E0214D1F88F}
		{93DF5DA6-E422-4468-8112-40D21150F552} = {1E5EC573-30D2-494A-80A0-7E0214D1F88F}
		{1F35929D-B5F5-44BF-AD6D-70B778AC79B2} = {1E5EC573-30D2-494A-80A0-7E0214D1F88F}
		{EAA01B21-2083-465E-881D-C063E481D105} = {E892A3D6-2B66-4D9F-99E9-E079F9E6591B}
		{14719210-C2E6-42BD-8699-0FF52B68D1FC} = {E892A3D6-2B66-4D9F-99E9-E079F9E6591B}
		{E7B550FE-64D8-4AE6-9C1D-54686B54E40D} = {E892A3D6-2B66-4D9F-99E9-E079F9E6591B}
		{F14FE293-E7BC-44F0-91AD-7F54FA25E27F} = {4EB4F819-030B-4A4D-A34D-3082B8495A70}
		{50FAD4E2-87FC-4510-BC2F-62CA10E9690A} = {4EB4F819-030B-4A4D-A34D-3082B8495A70}
		{AE173B32-8F4F-4254-B9B6-85415210BD75} = {4EB4F819-030B-4A4D-A34D-3082B8495A70}
		{B2978994-2707-49A3-9002-02CD9A922F2A} = {67A7F558-8C9F-4ACF-9118-E7C24B79B012}
		{66AC9275-A123-4565-ABDC-14A15099C39C} = {67A7F558-8C9F-4ACF-9118-E7C24B79B012}
		{9DFF075E-E17E-423A-8181-D1D2B467730C} = {67A7F558-8C9F-4ACF-9118-E7C24B79B012}
		{1D621752-70D7-48DE-BC6A-56C5BD1447DD} = {2A7C1CDC-21BE-45C9-8CFD-41C85913FB65}
		{F2294B27-18CD-4115-A6E0-A977A54222DF} = {2A7C1CDC-21BE-45C9-8CFD-41C85913FB65}
		{6CD37A7F-6416-497E-8368-B12BAFC92C3C} = {2A7C1CDC-21BE-45C9-8CFD-41C85913FB65}
		{364449AE-EE1A-469E-8CD3-509357A9E97B} = {02581193-B631-43F5-82CE-53CDFF926D3C}
		{DE218D41-98FD-4BCE-ABB6-34687986606E} = {02581193-B631-43F5-82CE-53CDFF926D3C}
		{8984764F-B7C7-4C08-AA32-69ABA8747CD3} = {02581193-B631-43F5-82CE-53CDFF926D3C}
	EndGlobalSection
	GlobalSection(ExtensibilityGlobals) = postSolution
		SolutionGuid = {823C2FE8-F261-46ED-9694-B3FB30DA66A3}
	EndGlobalSection
EndGlobal
